schema: '2.0'
stages:
  split:
    cmd: python src/data/split.py
    deps:
    - path: data/raw/raw.csv
      hash: md5
      md5: 617b56af2992376d5c3e91ad80823898
      size: 333757
    - path: src/data/split.py
      hash: md5
      md5: 30caf483c9a448ffaf54152d2503401c
      size: 1971
    outs:
    - path: data/processed/X_test.csv
      hash: md5
      md5: b2af62a7e108b077aec89fa2622996db
      size: 52624
    - path: data/processed/X_train.csv
      hash: md5
      md5: 535251fa6c1a1d098cc7a36e0bd62f38
      size: 209468
    - path: data/processed/y_test.csv
      hash: md5
      md5: a051d29629c8bbb4cfb7e85c7f0315da
      size: 6456
    - path: data/processed/y_train.csv
      hash: md5
      md5: a9cd9d91da89f732843d72548f64ded3
      size: 25951
  normalize:
    cmd: python src/data/scale.py
    deps:
    - path: data/processed/X_test.csv
      hash: md5
      md5: b2af62a7e108b077aec89fa2622996db
      size: 52624
    - path: data/processed/X_train.csv
      hash: md5
      md5: 535251fa6c1a1d098cc7a36e0bd62f38
      size: 209468
    - path: src/data/scale.py
      hash: md5
      md5: 0ec83662931fbaf36be3270b56441663
      size: 2681
    outs:
    - path: data/processed/X_test_scaled.csv
      hash: md5
      md5: 5e079189af6bd091d651a89fafb1c290
      size: 57026
    - path: data/processed/X_train_scaled.csv
      hash: md5
      md5: c1b80eb7f083888b625dd0369cf381f8
      size: 227497
  gridsearch:
    cmd: python src/models/gridsearch.py
    deps:
    - path: data/processed/X_train_scaled.csv
      hash: md5
      md5: c1b80eb7f083888b625dd0369cf381f8
      size: 227497
    - path: data/processed/y_train.csv
      hash: md5
      md5: a9cd9d91da89f732843d72548f64ded3
      size: 25951
    - path: src/models/gridsearch.py
      hash: md5
      md5: 73098a82699802a54f2270f625669a15
      size: 2786
    - path: src/models/params.yaml
      hash: md5
      md5: d6db219f1409b50715c71e9db17c1df6
      size: 186
    outs:
    - path: models/best_params.pkl
      hash: md5
      md5: 3f207cb524ec0e6fb5d601b08b5cce46
      size: 216
  training:
    cmd: python src/models/train.py
    deps:
    - path: data/processed/X_train_scaled.csv
      hash: md5
      md5: c1b80eb7f083888b625dd0369cf381f8
      size: 227497
    - path: data/processed/y_train.csv
      hash: md5
      md5: a9cd9d91da89f732843d72548f64ded3
      size: 25951
    - path: models/best_params.pkl
      hash: md5
      md5: 3f207cb524ec0e6fb5d601b08b5cce46
      size: 216
    - path: src/models/train.py
      hash: md5
      md5: ccc049c3bb11d5be59baeec50ec00742
      size: 1457
    outs:
    - path: models/gbr_model.pkl
      hash: md5
      md5: 8844e06888dbd0e2cd2a3ef64662552f
      size: 8123329
  evaluate:
    cmd: python src/models/eval.py
    deps:
    - path: data/processed/X_test_scaled.csv
      hash: md5
      md5: 5e079189af6bd091d651a89fafb1c290
      size: 57026
    - path: data/processed/y_test.csv
      hash: md5
      md5: a051d29629c8bbb4cfb7e85c7f0315da
      size: 6456
    - path: models/gbr_model.pkl
      hash: md5
      md5: 8844e06888dbd0e2cd2a3ef64662552f
      size: 8123329
    - path: src/models/eval.py
      hash: md5
      md5: c803102302b072e24ecadc5ba00f925b
      size: 2011
    outs:
    - path: data/processed/predictions.csv
      hash: md5
      md5: 2af0dad2758505946f2695f7081672eb
      size: 13210
    - path: metrics/scores.json
      hash: md5
      md5: 045dc9460a39b5a83a9fb349728013fa
      size: 89
